// !$*UTF8*$!
{
	archiveVersion = 1;
	classes = {
	};
	objectVersion = 55;
	objects = {

/* Begin PBXBuildFile section */
		A567D8FB2700B8D40035C955 /* .gitignore in Resources */ = {isa = PBXBuildFile; fileRef = A567D8FA2700B8D40035C955 /* .gitignore */; };
		A5E7E9482700A9AE00E276C6 /* AppDelegate.swift in Sources */ = {isa = PBXBuildFile; fileRef = A5E7E9472700A9AE00E276C6 /* AppDelegate.swift */; };
		A5E7E94A2700A9AE00E276C6 /* SceneDelegate.swift in Sources */ = {isa = PBXBuildFile; fileRef = A5E7E9492700A9AE00E276C6 /* SceneDelegate.swift */; };
		A5E7E94C2700A9AE00E276C6 /* ViewController.swift in Sources */ = {isa = PBXBuildFile; fileRef = A5E7E94B2700A9AE00E276C6 /* ViewController.swift */; };
		A5E7E94F2700A9AE00E276C6 /* Main.storyboard in Resources */ = {isa = PBXBuildFile; fileRef = A5E7E94D2700A9AE00E276C6 /* Main.storyboard */; };
		A5E7E9512700A9B000E276C6 /* Assets.xcassets in Resources */ = {isa = PBXBuildFile; fileRef = A5E7E9502700A9B000E276C6 /* Assets.xcassets */; };
		A5E7E9542700A9B000E276C6 /* LaunchScreen.storyboard in Resources */ = {isa = PBXBuildFile; fileRef = A5E7E9522700A9B000E276C6 /* LaunchScreen.storyboard */; };
/* End PBXBuildFile section */

/* Begin PBXFileReference section */
		A567D8FA2700B8D40035C955 /* .gitignore */ = {isa = PBXFileReference; lastKnownFileType = text; path = .gitignore; sourceTree = "<group>"; };
		A5E7E9442700A9AE00E276C6 /* NetworkRequestsHW2.10.app */ = {isa = PBXFileReference; explicitFileType = wrapper.application; includeInIndex = 0; path = NetworkRequestsHW2.10.app; sourceTree = BUILT_PRODUCTS_DIR; };
		A5E7E9472700A9AE00E276C6 /* AppDelegate.swift */ = {isa = PBXFileReference; lastKnownFileType = sourcecode.swift; path = AppDelegate.swift; sourceTree = "<group>"; };
		A5E7E9492700A9AE00E276C6 /* SceneDelegate.swift */ = {isa = PBXFileReference; lastKnownFileType = sourcecode.swift; path = SceneDelegate.swift; sourceTree = "<group>"; };
		A5E7E94B2700A9AE00E276C6 /* ViewController.swift */ = {isa = PBXFileReference; lastKnownFileType = sourcecode.swift; path = ViewController.swift; sourceTree = "<group>"; };
		A5E7E94E2700A9AE00E276C6 /* Base */ = {isa = PBXFileReference; lastKnownFileType = file.storyboard; name = Base; path = Base.lproj/Main.storyboard; sourceTree = "<group>"; };
		A5E7E9502700A9B000E276C6 /* Assets.xcassets */ = {isa = PBXFileReference; lastKnownFileType = folder.assetcatalog; path = Assets.xcassets; sourceTree = "<group>"; };
		A5E7E9532700A9B000E276C6 /* Base */ = {isa = PBXFileReference; lastKnownFileType = file.storyboard; name = Base; path = Base.lproj/LaunchScreen.storyboard; sourceTree = "<group>"; };
		A5E7E9552700A9B000E276C6 /* Info.plist */ = {isa = PBXFileReference; lastKnownFileType = text.plist.xml; path = Info.plist; sourceTree = "<group>"; };
/* End PBXFileReference section */

/* Begin PBXFrameworksBuildPhase section */
		A5E7E9412700A9AE00E276C6 /* Frameworks */ = {
			isa = PBXFrameworksBuildPhase;
			buildActionMask = 2147483647;
			files = (
			);
			runOnlyForDeploymentPostprocessing = 0;
		};
/* End PBXFrameworksBuildPhase section */

/* Begin PBXGroup section */
		A567D8F62700B76A0035C955 /* App */ = {
			isa = PBXGroup;
			children = (
				A5E7E9472700A9AE00E276C6 /* AppDelegate.swift */,
				A5E7E9492700A9AE00E276C6 /* SceneDelegate.swift */,
				A5E7E9552700A9B000E276C6 /* Info.plist */,
			);
			path = App;
			sourceTree = "<group>";
		};
		A567D8F72700B7730035C955 /* Viewcontrollers */ = {
			isa = PBXGroup;
			children = (
				A5E7E94B2700A9AE00E276C6 /* ViewController.swift */,
			);
			path = Viewcontrollers;
			sourceTree = "<group>";
		};
		A567D8F82700B7830035C955 /* Resourses */ = {
			isa = PBXGroup;
			children = (
				A5E7E9502700A9B000E276C6 /* Assets.xcassets */,
			);
			path = Resourses;
			sourceTree = "<group>";
		};
		A567D8F92700B7960035C955 /* Storyboards */ = {
			isa = PBXGroup;
			children = (
				A5E7E94D2700A9AE00E276C6 /* Main.storyboard */,
				A5E7E9522700A9B000E276C6 /* LaunchScreen.storyboard */,
			);
			path = Storyboards;
			sourceTree = "<group>";
		};
		A5E7E93B2700A9AE00E276C6 = {
			isa = PBXGroup;
			children = (
				A567D8FA2700B8D40035C955 /* .gitignore */,
				A5E7E9462700A9AE00E276C6 /* NetworkRequestsHW2.10 */,
				A5E7E9452700A9AE00E276C6 /* Products */,
			);
			sourceTree = "<group>";
		};
		A5E7E9452700A9AE00E276C6 /* Products */ = {
			isa = PBXGroup;
			children = (
				A5E7E9442700A9AE00E276C6 /* NetworkRequestsHW2.10.app */,
			);
			name = Products;
			sourceTree = "<group>";
		};
		A5E7E9462700A9AE00E276C6 /* NetworkRequestsHW2.10 */ = {
			isa = PBXGroup;
			children = (
				A567D8F72700B7730035C955 /* Viewcontrollers */,
				A567D8F92700B7960035C955 /* Storyboards */,
				A567D8F62700B76A0035C955 /* App */,
				A567D8F82700B7830035C955 /* Resourses */,
			);
			path = NetworkRequestsHW2.10;
			sourceTree = "<group>";
		};
/* End PBXGroup section */

/* Begin PBXNativeTarget section */
		A5E7E9432700A9AE00E276C6 /* NetworkRequestsHW2.10 */ = {
			isa = PBXNativeTarget;
			buildConfigurationList = A5E7E9582700A9B000E276C6 /* Build configuration list for PBXNativeTarget "NetworkRequestsHW2.10" */;
			buildPhases = (
				A5E7E9402700A9AE00E276C6 /* Sources */,
				A5E7E9412700A9AE00E276C6 /* Frameworks */,
				A5E7E9422700A9AE00E276C6 /* Resources */,
			);
			buildRules = (
			);
			dependencies = (
			);
			name = NetworkRequestsHW2.10;
			productName = NetworkRequestsHW2.10;
			productReference = A5E7E9442700A9AE00E276C6 /* NetworkRequestsHW2.10.app */;
			productType = "com.apple.product-type.application";
		};
/* End PBXNativeTarget section */

/* Begin PBXProject section */
		A5E7E93C2700A9AE00E276C6 /* Project object */ = {
			isa = PBXProject;
			attributes = {
				BuildIndependentTargetsInParallel = 1;
				LastSwiftUpdateCheck = 1300;
				LastUpgradeCheck = 1300;
				TargetAttributes = {
					A5E7E9432700A9AE00E276C6 = {
						CreatedOnToolsVersion = 13.0;
					};
				};
			};
			buildConfigurationList = A5E7E93F2700A9AE00E276C6 /* Build configuration list for PBXProject "NetworkRequestsHW2.10" */;
			compatibilityVersion = "Xcode 13.0";
			developmentRegion = en;
			hasScannedForEncodings = 0;
			knownRegions = (
				en,
				Base,
			);
			mainGroup = A5E7E93B2700A9AE00E276C6;
			productRefGroup = A5E7E9452700A9AE00E276C6 /* Products */;
			projectDirPath = "";
			projectRoot = "";
			targets = (
				A5E7E9432700A9AE00E276C6 /* NetworkRequestsHW2.10 */,
			);
		};
/* End PBXProject section */

/* Begin PBXResourcesBuildPhase section */
		A5E7E9422700A9AE00E276C6 /* Resources */ = {
			isa = PBXResourcesBuildPhase;
			buildActionMask = 2147483647;
			files = (
				A567D8FB2700B8D40035C955 /* .gitignore in Resources */,
				A5E7E9542700A9B000E276C6 /* LaunchScreen.storyboard in Resources */,
				A5E7E9512700A9B000E276C6 /* Assets.xcassets in Resources */,
				A5E7E94F2700A9AE00E276C6 /* Main.storyboard in Resources */,
			);
			runOnlyForDeploymentPostprocessing = 0;
		};
/* End PBXResourcesBuildPhase section */

/* Begin PBXSourcesBuildPhase section */
		A5E7E9402700A9AE00E276C6 /* Sources */ = {
			isa = PBXSourcesBuildPhase;
			buildActionMask = 2147483647;
			files = (
				A5E7E94C2700A9AE00E276C6 /* ViewController.swift in Sources */,
				A5E7E9482700A9AE00E276C6 /* AppDelegate.swift in Sources */,
				A5E7E94A2700A9AE00E276C6 /* SceneDelegate.swift in Sources */,
			);
			runOnlyForDeploymentPostprocessing = 0;
		};
/* End PBXSourcesBuildPhase section */

/* Begin PBXVariantGroup section */
		A5E7E94D2700A9AE00E276C6 /* Main.storyboard */ = {
			isa = PBXVariantGroup;
			children = (
				A5E7E94E2700A9AE00E276C6 /* Base */,
			);
			name = Main.storyboard;
			sourceTree = "<group>";
		};
		A5E7E9522700A9B000E276C6 /* LaunchScreen.storyboard */ = {
			isa = PBXVariantGroup;
			children = (
				A5E7E9532700A9B000E276C6 /* Base */,
			);
			name = LaunchScreen.storyboard;
			sourceTree = "<group>";
		};
/* End PBXVariantGroup section */

/* Begin XCBuildConfiguration section */
		A5E7E9562700A9B000E276C6 /* Debug */ = {
			isa = XCBuildConfiguration;
			buildSettings = {
				ALWAYS_SEARCH_USER_PATHS = NO;
				CLANG_ANALYZER_NONNULL = YES;
				CLANG_ANALYZER_NUMBER_OBJECT_CONVERSION = YES_AGGRESSIVE;
				CLANG_CXX_LANGUAGE_STANDARD = "gnu++17";
				CLANG_CXX_LIBRARY = "libc++";
				CLANG_ENABLE_MODULES = YES;
				CLANG_ENABLE_OBJC_ARC = YES;
				CLANG_ENABLE_OBJC_WEAK = YES;
				CLANG_WARN_BLOCK_CAPTURE_AUTORELEASING = YES;
				CLANG_WARN_BOOL_CONVERSION = YES;
				CLANG_WARN_COMMA = YES;
				CLANG_WARN_CONSTANT_CONVERSION = YES;
				CLANG_WARN_DEPRECATED_OBJC_IMPLEMENTATIONS = YES;
				CLANG_WARN_DIRECT_OBJC_ISA_USAGE = YES_ERROR;
				CLANG_WARN_DOCUMENTATION_COMMENTS = YES;
				CLANG_WARN_EMPTY_BODY = YES;
				CLANG_WARN_ENUM_CONVERSION = YES;
				CLANG_WARN_INFINITE_RECURSION = YES;
				CLANG_WARN_INT_CONVERSION = YES;
				CLANG_WARN_NON_LITERAL_NULL_CONVERSION = YES;
				CLANG_WARN_OBJC_IMPLICIT_RETAIN_SELF = YES;
				CLANG_WARN_OBJC_LITERAL_CONVERSION = YES;
				CLANG_WARN_OBJC_ROOT_CLASS = YES_ERROR;
				CLANG_WARN_QUOTED_INCLUDE_IN_FRAMEWORK_HEADER = YES;
				CLANG_WARN_RANGE_LOOP_ANALYSIS = YES;
				CLANG_WARN_STRICT_PROTOTYPES = YES;
				CLANG_WARN_SUSPICIOUS_MOVE = YES;
				CLANG_WARN_UNGUARDED_AVAILABILITY = YES_AGGRESSIVE;
				CLANG_WARN_UNREACHABLE_CODE = YES;
				CLANG_WARN__DUPLICATE_METHOD_MATCH = YES;
				COPY_PHASE_STRIP = NO;
				DEBUG_INFORMATION_FORMAT = dwarf;
				ENABLE_STRICT_OBJC_MSGSEND = YES;
				ENABLE_TESTABILITY = YES;
				GCC_C_LANGUAGE_STANDARD = gnu11;
				GCC_DYNAMIC_NO_PIC = NO;
				GCC_NO_COMMON_BLOCKS = YES;
				GCC_OPTIMIZATION_LEVEL = 0;
				GCC_PREPROCESSOR_DEFINITIONS = (
					"DEBUG=1",
					"$(inherited)",
				);
				GCC_WARN_64_TO_32_BIT_CONVERSION = YES;
				GCC_WARN_ABOUT_RETURN_TYPE = YES_ERROR;
				GCC_WARN_UNDECLARED_SELECTOR = YES;
				GCC_WARN_UNINITIALIZED_AUTOS = YES_AGGRESSIVE;
				GCC_WARN_UNUSED_FUNCTION = YES;
				GCC_WARN_UNUSED_VARIABLE = YES;
				IPHONEOS_DEPLOYMENT_TARGET = 15.0;
				MTL_ENABLE_DEBUG_INFO = INCLUDE_SOURCE;
				MTL_FAST_MATH = YES;
				ONLY_ACTIVE_ARCH = YES;
				SDKROOT = iphoneos;
				SWIFT_ACTIVE_COMPILATION_CONDITIONS = DEBUG;
				SWIFT_OPTIMIZATION_LEVEL = "-Onone";
			};
			name = Debug;
		};
		A5E7E9572700A9B000E276C6 /* Release */ = {
			isa = XCBuildConfiguration;
			buildSettings = {
				ALWAYS_SEARCH_USER_PATHS = NO;
				CLANG_ANALYZER_NONNULL = YES;
				CLANG_ANALYZER_NUMBER_OBJECT_CONVERSION = YES_AGGRESSIVE;
				CLANG_CXX_LANGUAGE_STANDARD = "gnu++17";
				CLANG_CXX_LIBRARY = "libc++";
				CLANG_ENABLE_MODULES = YES;
				CLANG_ENABLE_OBJC_ARC = YES;
				CLANG_ENABLE_OBJC_WEAK = YES;
				CLANG_WARN_BLOCK_CAPTURE_AUTORELEASING = YES;
				CLANG_WARN_BOOL_CONVERSION = YES;
				CLANG_WARN_COMMA = YES;
				CLANG_WARN_CONSTANT_CONVERSION = YES;
				CLANG_WARN_DEPRECATED_OBJC_IMPLEMENTATIONS = YES;
				CLANG_WARN_DIRECT_OBJC_ISA_USAGE = YES_ERROR;
				CLANG_WARN_DOCUMENTATION_COMMENTS = YES;
				CLANG_WARN_EMPTY_BODY = YES;
				CLANG_WARN_ENUM_CONVERSION = YES;
				CLANG_WARN_INFINITE_RECURSION = YES;
				CLANG_WARN_INT_CONVERSION = YES;
				CLANG_WARN_NON_LITERAL_NULL_CONVERSION = YES;
				CLANG_WARN_OBJC_IMPLICIT_RETAIN_SELF = YES;
				CLANG_WARN_OBJC_LITERAL_CONVERSION = YES;
				CLANG_WARN_OBJC_ROOT_CLASS = YES_ERROR;
				CLANG_WARN_QUOTED_INCLUDE_IN_FRAMEWORK_HEADER = YES;
				CLANG_WARN_RANGE_LOOP_ANALYSIS = YES;
				CLANG_WARN_STRICT_PROTOTYPES = YES;
				CLANG_WARN_SUSPICIOUS_MOVE = YES;
				CLANG_WARN_UNGUARDED_AVAILABILITY = YES_AGGRESSIVE;
				CLANG_WARN_UNREACHABLE_CODE = YES;
				CLANG_WARN__DUPLICATE_METHOD_MATCH = YES;
				COPY_PHASE_STRIP = NO;
				DEBUG_INFORMATION_FORMAT = "dwarf-with-dsym";
				ENABLE_NS_ASSERTIONS = NO;
				ENABLE_STRICT_OBJC_MSGSEND = YES;
				GCC_C_LANGUAGE_STANDARD = gnu11;
				GCC_NO_COMMON_BLOCKS = YES;
				GCC_WARN_64_TO_32_BIT_CONVERSION = YES;
				GCC_WARN_ABOUT_RETURN_TYPE = YES_ERROR;
				GCC_WARN_UNDECLARED_SELECTOR = YES;
				GCC_WARN_UNINITIALIZED_AUTOS = YES_AGGRESSIVE;
				GCC_WARN_UNUSED_FUNCTION = YES;
				GCC_WARN_UNUSED_VARIABLE = YES;
				IPHONEOS_DEPLOYMENT_TARGET = 15.0;
				MTL_ENABLE_DEBUG_INFO = NO;
				MTL_FAST_MATH = YES;
				SDKROOT = iphoneos;
				SWIFT_COMPILATION_MODE = wholemodule;
				SWIFT_OPTIMIZATION_LEVEL = "-O";
				VALIDATE_PRODUCT = YES;
			};
			name = Release;
		};
		A5E7E9592700A9B000E276C6 /* Debug */ = {
			isa = XCBuildConfiguration;
			buildSettings = {
				ASSETCATALOG_COMPILER_APPICON_NAME = AppIcon;
				ASSETCATALOG_COMPILER_GLOBAL_ACCENT_COLOR_NAME = AccentColor;
				CODE_SIGN_STYLE = Automatic;
				CURRENT_PROJECT_VERSION = 1;
				DEVELOPMENT_TEAM = K242QA4C2Z;
				GENERATE_INFOPLIST_FILE = YES;
				INFOPLIST_FILE = NetworkRequestsHW2.10/App/Info.plist;
				INFOPLIST_KEY_UIApplicationSupportsIndirectInputEvents = YES;
				INFOPLIST_KEY_UILaunchStoryboardName = LaunchScreen;
				INFOPLIST_KEY_UIMainStoryboardFile = Main;
				INFOPLIST_KEY_UISupportedInterfaceOrientations = UIInterfaceOrientationPortrait;
				INFOPLIST_KEY_UISupportedInterfaceOrientations_iPad = "UIInterfaceOrientationPortrait UIInterfaceOrientationPortraitUpsideDown UIInterfaceOrientationLandscapeLeft UIInterfaceOrientationLandscapeRight";
				INFOPLIST_KEY_UISupportedInterfaceOrientations_iPhone = "UIInterfaceOrientationPortrait UIInterfaceOrientationLandscapeLeft UIInterfaceOrientationLandscapeRight";
				IPHONEOS_DEPLOYMENT_TARGET = 14.0;
				LD_RUNPATH_SEARCH_PATHS = (
					"$(inherited)",
					"@executable_path/Frameworks",
				);
				MARKETING_VERSION = 1.0;
				PRODUCT_BUNDLE_IDENTIFIER = "Maria.Karpukhina.NetworkRequestsHW2-10";
				PRODUCT_NAME = "$(TARGET_NAME)";
				SWIFT_EMIT_LOC_STRINGS = YES;
				SWIFT_VERSION = 5.0;
				TARGETED_DEVICE_FAMILY = 1;
			};
			name = Debug;
		};
		A5E7E95A2700A9B000E276C6 /* Release */ = {
			isa = XCBuildConfiguration;
			buildSettings = {
				ASSETCATALOG_COMPILER_APPICON_NAME = AppIcon;
				ASSETCATALOG_COMPILER_GLOBAL_ACCENT_COLOR_NAME = AccentColor;
				CODE_SIGN_STYLE = Automatic;
				CURRENT_PROJECT_VERSION = 1;
				DEVELOPMENT_TEAM = K242QA4C2Z;
				GENERATE_INFOPLIST_FILE = YES;
				INFOPLIST_FILE = NetworkRequestsHW2.10/App/Info.plist;
				INFOPLIST_KEY_UIApplicationSupportsIndirectInputEvents = YES;
				INFOPLIST_KEY_UILaunchStoryboardName = LaunchScreen;
				INFOPLIST_KEY_UIMainStoryboardFile = Main;
				INFOPLIST_KEY_UISupportedInterfaceOrientations = UIInterfaceOrientationPortrait;
				INFOPLIST_KEY_UISupportedInterfaceOrientations_iPad = "UIInterfaceOrientationPortrait UIInterfaceOrientationPortraitUpsideDown UIInterfaceOrientationLandscapeLeft UIInterfaceOrientationLandscapeRight";
				INFOPLIST_KEY_UISupportedInterfaceOrientations_iPhone = "UIInterfaceOrientationPortrait UIInterfaceOrientationLandscapeLeft UIInterfaceOrientationLandscapeRight";
				IPHONEOS_DEPLOYMENT_TARGET = 14.0;
				LD_RUNPATH_SEARCH_PATHS = (
					"$(inherited)",
					"@executable_path/Frameworks",
				);
				MARKETING_VERSION = 1.0;
				PRODUCT_BUNDLE_IDENTIFIER = "Maria.Karpukhina.NetworkRequestsHW2-10";
				PRODUCT_NAME = "$(TARGET_NAME)";
				SWIFT_EMIT_LOC_STRINGS = YES;
				SWIFT_VERSION = 5.0;
				TARGETED_DEVICE_FAMILY = 1;
			};
			name = Release;
		};
/* End XCBuildConfiguration section */

/* Begin XCConfigurationList section */
		A5E7E93F2700A9AE00E276C6 /* Build configuration list for PBXProject "NetworkRequestsHW2.10" */ = {
			isa = XCConfigurationList;
			buildConfigurations = (
				A5E7E9562700A9B000E276C6 /* Debug */,
				A5E7E9572700A9B000E276C6 /* Release */,
			);
			defaultConfigurationIsVisible = 0;
			defaultConfigurationName = Release;
		};
		A5E7E9582700A9B000E276C6 /* Build configuration list for PBXNativeTarget "NetworkRequestsHW2.10" */ = {
			isa = XCConfigurationList;
			buildConfigurations = (
				A5E7E9592700A9B000E276C6 /* Debug */,
				A5E7E95A2700A9B000E276C6 /* Release */,
			);
			defaultConfigurationIsVisible = 0;
			defaultConfigurationName = Release;
		};
/* End XCConfigurationList section */
	};
	rootObject = A5E7E93C2700A9AE00E276C6 /* Project object */;
}
